
Microsoft Visual Studio Solution File, Format Version 10.00
# Visual Studio 2008
Project("{FAE04EC0-301F-11D3-BF4B-00C04F79EFBC}") = "Geckosoft.GaspXP", "Geckosoft.GaspXP\Geckosoft.GaspXP.csproj", "{F9AD6CFA-6ACE-47F5-BC45-5345D97B2820}"
EndProject
Global
	GlobalSection(SolutionConfigurationPlatforms) = preSolution
		Debug|Any CPU = Debug|Any CPU
		Release|Any CPU = Release|Any CPU
	EndGlobalSection
	GlobalSection(ProjectConfigurationPlatforms) = postSolution
		{F9AD6CFA-6ACE-47F5-BC45-5345D97B2820}.Debug|Any CPU.ActiveCfg = Debug|Any CPU
		{F9AD6CFA-6ACE-47F5-BC45-5345D97B2820}.Debug|Any CPU.Build.0 = Debug|Any CPU
		{F9AD6CFA-6ACE-47F5-BC45-5345D97B2820}.Release|Any CPU.ActiveCfg = Release|Any CPU
		{F9AD6CFA-6ACE-47F5-BC45-5345D97B2820}.Release|Any CPU.Build.0 = Release|Any CPU
	EndGlobalSection
	GlobalSection(SolutionProperties) = preSolution
		HideSolutionNode = FALSE
	EndGlobalSection
	GlobalSection(ExtensibilityGlobals) = postSolution
		VSCustomBkgrdPaint = False
		VSUseSystemFonts = False
		VSSkinToggleButtons = True
		VSSkinFlatStyles = True
		VSTextShadow = True
		VSToolStripStyle = Mixed
		VSTargetControls = FormsAndControls
		VSStyle = OSX (Tiger).vssf
	EndGlobalSection
EndGlobal
